// !$*UTF8*$!
{
	archiveVersion = 1;
	classes = {
	};
	objectVersion = 46;
	objects = {

/* Begin PBXBuildFile section */
		8465FA591D2A482F0039427F /* Minecraft.ttf in Resources */ = {isa = PBXBuildFile; fileRef = 8465FA581D2A482F0039427F /* Minecraft.ttf */; };
		8465FA5B1D2AB9680039427F /* btn.wav in Resources */ = {isa = PBXBuildFile; fileRef = 8465FA5A1D2AB9680039427F /* btn.wav */; };
		84C7EDAA1D2983D80088C100 /* AppDelegate.swift in Sources */ = {isa = PBXBuildFile; fileRef = 84C7EDA91D2983D80088C100 /* AppDelegate.swift */; };
		84C7EDAC1D2983D80088C100 /* ViewController.swift in Sources */ = {isa = PBXBuildFile; fileRef = 84C7EDAB1D2983D80088C100 /* ViewController.swift */; };
		84C7EDAF1D2983D80088C100 /* Main.storyboard in Resources */ = {isa = PBXBuildFile; fileRef = 84C7EDAD1D2983D80088C100 /* Main.storyboard */; };
		84C7EDB11D2983D80088C100 /* Assets.xcassets in Resources */ = {isa = PBXBuildFile; fileRef = 84C7EDB01D2983D80088C100 /* Assets.xcassets */; };
		84C7EDB41D2983D80088C100 /* LaunchScreen.storyboard in Resources */ = {isa = PBXBuildFile; fileRef = 84C7EDB21D2983D80088C100 /* LaunchScreen.storyboard */; };
/* End PBXBuildFile section */

/* Begin PBXFileReference section */
		8465FA581D2A482F0039427F /* Minecraft.ttf */ = {isa = PBXFileReference; lastKnownFileType = file; path = Minecraft.ttf; sourceTree = "<group>"; };
		8465FA5A1D2AB9680039427F /* btn.wav */ = {isa = PBXFileReference; lastKnownFileType = audio.wav; path = btn.wav; sourceTree = "<group>"; };
		84C7EDA61D2983D80088C100 /* Retro Calculator.app */ = {isa = PBXFileReference; explicitFileType = wrapper.application; includeInIndex = 0; path = "Retro Calculator.app"; sourceTree = BUILT_PRODUCTS_DIR; };
		84C7EDA91D2983D80088C100 /* AppDelegate.swift */ = {isa = PBXFileReference; lastKnownFileType = sourcecode.swift; path = AppDelegate.swift; sourceTree = "<group>"; };
		84C7EDAB1D2983D80088C100 /* ViewController.swift */ = {isa = PBXFileReference; lastKnownFileType = sourcecode.swift; path = ViewController.swift; sourceTree = "<group>"; };
		84C7EDAE1D2983D80088C100 /* Base */ = {isa = PBXFileReference; lastKnownFileType = file.storyboard; name = Base; path = Base.lproj/Main.storyboard; sourceTree = "<group>"; };
		84C7EDB01D2983D80088C100 /* Assets.xcassets */ = {isa = PBXFileReference; lastKnownFileType = folder.assetcatalog; path = Assets.xcassets; sourceTree = "<group>"; };
		84C7EDB31D2983D80088C100 /* Base */ = {isa = PBXFileReference; lastKnownFileType = file.storyboard; name = Base; path = Base.lproj/LaunchScreen.storyboard; sourceTree = "<group>"; };
		84C7EDB51D2983D80088C100 /* Info.plist */ = {isa = PBXFileReference; lastKnownFileType = text.plist.xml; path = Info.plist; sourceTree = "<group>"; };
/* End PBXFileReference section */

/* Begin PBXFrameworksBuildPhase section */
		84C7EDA31D2983D80088C100 /* Frameworks */ = {
			isa = PBXFrameworksBuildPhase;
			buildActionMask = 2147483647;
			files = (
			);
			runOnlyForDeploymentPostprocessing = 0;
		};
/* End PBXFrameworksBuildPhase section */

/* Begin PBXGroup section */
		84C7ED9D1D2983D80088C100 = {
			isa = PBXGroup;
			children = (
				84C7EDA81D2983D80088C100 /* Retro Calculator */,
				84C7EDA71D2983D80088C100 /* Products */,
			);
			sourceTree = "<group>";
		};
		84C7EDA71D2983D80088C100 /* Products */ = {
			isa = PBXGroup;
			children = (
				84C7EDA61D2983D80088C100 /* Retro Calculator.app */,
			);
			name = Products;
			sourceTree = "<group>";
		};
		84C7EDA81D2983D80088C100 /* Retro Calculator */ = {
			isa = PBXGroup;
			children = (
				8465FA5A1D2AB9680039427F /* btn.wav */,
				8465FA581D2A482F0039427F /* Minecraft.ttf */,
				84C7EDA91D2983D80088C100 /* AppDelegate.swift */,
				84C7EDAB1D2983D80088C100 /* ViewController.swift */,
				84C7EDAD1D2983D80088C100 /* Main.storyboard */,
				84C7EDB01D2983D80088C100 /* Assets.xcassets */,
				84C7EDB21D2983D80088C100 /* LaunchScreen.storyboard */,
				84C7EDB51D2983D80088C100 /* Info.plist */,
			);
			path = "Retro Calculator";
			sourceTree = "<group>";
		};
/* End PBXGroup section */

/* Begin PBXNativeTarget section */
		84C7EDA51D2983D80088C100 /* Retro Calculator */ = {
			isa = PBXNativeTarget;
			buildConfigurationList = 84C7EDB81D2983D80088C100 /* Build configuration list for PBXNativeTarget "Retro Calculator" */;
			buildPhases = (
				84C7EDA21D2983D80088C100 /* Sources */,
				84C7EDA31D2983D80088C100 /* Frameworks */,
				84C7EDA41D2983D80088C100 /* Resources */,
			);
			buildRules = (
			);
			dependencies = (
			);
			name = "Retro Calculator";
			productName = "Retro Calculator";
			productReference = 84C7EDA61D2983D80088C100 /* Retro Calculator.app */;
			productType = "com.apple.product-type.application";
		};
/* End PBXNativeTarget section */

/* Begin PBXProject section */
		84C7ED9E1D2983D80088C100 /* Project object */ = {
			isa = PBXProject;
			attributes = {
				LastSwiftUpdateCheck = 0730;
				LastUpgradeCheck = 0730;
				ORGANIZATIONNAME = anttran;
				TargetAttributes = {
					84C7EDA51D2983D80088C100 = {
						CreatedOnToolsVersion = 7.3.1;
					};
				};
			};
			buildConfigurationList = 84C7EDA11D2983D80088C100 /* Build configuration list for PBXProject "Retro Calculator" */;
			compatibilityVersion = "Xcode 3.2";
			developmentRegion = English;
			hasScannedForEncodings = 0;
			knownRegions = (
				en,
				Base,
			);
			mainGroup = 84C7ED9D1D2983D80088C100;
			productRefGroup = 84C7EDA71D2983D80088C100 /* Products */;
			projectDirPath = "";
			projectRoot = "";
			targets = (
				84C7EDA51D2983D80088C100 /* Retro Calculator */,
			);
		};
/* End PBXProject section */

/* Begin PBXResourcesBuildPhase section */
		84C7EDA41D2983D80088C100 /* Resources */ = {
			isa = PBXResourcesBuildPhase;
			buildActionMask = 2147483647;
			files = (
				8465FA5B1D2AB9680039427F /* btn.wav in Resources */,
				84C7EDB41D2983D80088C100 /* LaunchScreen.storyboard in Resources */,
				84C7EDB11D2983D80088C100 /* Assets.xcassets in Resources */,
				8465FA591D2A482F0039427F /* Minecraft.ttf in Resources */,
				84C7EDAF1D2983D80088C100 /* Main.storyboard in Resources */,
			);
			runOnlyForDeploymentPostprocessing = 0;
		};
/* End PBXResourcesBuildPhase section */

/* Begin PBXSourcesBuildPhase section */
		84C7EDA21D2983D80088C100 /* Sources */ = {
			isa = PBXSourcesBuildPhase;
			buildActionMask = 2147483647;
			files = (
				84C7EDAC1D2983D80088C100 /* ViewController.swift in Sources */,
				84C7EDAA1D2983D80088C100 /* AppDelegate.swift in Sources */,
			);
			runOnlyForDeploymentPostprocessing = 0;
		};
/* End PBXSourcesBuildPhase section */

/* Begin PBXVariantGroup section */
		84C7EDAD1D2983D80088C100 /* Main.storyboard */ = {
			isa = PBXVariantGroup;
			children = (
				84C7EDAE1D2983D80088C100 /* Base */,
			);
			name = Main.storyboard;
			sourceTree = "<group>";
		};
		84C7EDB21D2983D80088C100 /* LaunchScreen.storyboard */ = {
			isa = PBXVariantGroup;
			children = (
				84C7EDB31D2983D80088C100 /* Base */,
			);
			name = LaunchScreen.storyboard;
			sourceTree = "<group>";
		};
/* End PBXVariantGroup section */

/* Begin XCBuildConfiguration section */
		84C7EDB61D2983D80088C100 /* Debug */ = {
			isa = XCBuildConfiguration;
			buildSettings = {
				ALWAYS_SEARCH_USER_PATHS = NO;
				CLANG_ANALYZER_NONNULL = YES;
				CLANG_CXX_LANGUAGE_STANDARD = "gnu++0x";
				CLANG_CXX_LIBRARY = "libc++";
				CLANG_ENABLE_MODULES = YES;
				CLANG_ENABLE_OBJC_ARC = YES;
				CLANG_WARN_BOOL_CONVERSION = YES;
				CLANG_WARN_CONSTANT_CONVERSION = YES;
				CLANG_WARN_DIRECT_OBJC_ISA_USAGE = YES_ERROR;
				CLANG_WARN_EMPTY_BODY = YES;
				CLANG_WARN_ENUM_CONVERSION = YES;
				CLANG_WARN_INT_CONVERSION = YES;
				CLANG_WARN_OBJC_ROOT_CLASS = YES_ERROR;
				CLANG_WARN_UNREACHABLE_CODE = YES;
				CLANG_WARN__DUPLICATE_METHOD_MATCH = YES;
				"CODE_SIGN_IDENTITY[sdk=iphoneos*]" = "iPhone Developer";
				COPY_PHASE_STRIP = NO;
				DEBUG_INFORMATION_FORMAT = dwarf;
				ENABLE_STRICT_OBJC_MSGSEND = YES;
				ENABLE_TESTABILITY = YES;
				GCC_C_LANGUAGE_STANDARD = gnu99;
				GCC_DYNAMIC_NO_PIC = NO;
				GCC_NO_COMMON_BLOCKS = YES;
				GCC_OPTIMIZATION_LEVEL = 0;
				GCC_PREPROCESSOR_DEFINITIONS = (
					"DEBUG=1",
					"$(inherited)",
				);
				GCC_WARN_64_TO_32_BIT_CONVERSION = YES;
				GCC_WARN_ABOUT_RETURN_TYPE = YES_ERROR;
				GCC_WARN_UNDECLARED_SELECTOR = YES;
				GCC_WARN_UNINITIALIZED_AUTOS = YES_AGGRESSIVE;
				GCC_WARN_UNUSED_FUNCTION = YES;
				GCC_WARN_UNUSED_VARIABLE = YES;
				IPHONEOS_DEPLOYMENT_TARGET = 9.3;
				MTL_ENABLE_DEBUG_INFO = YES;
				ONLY_ACTIVE_ARCH = YES;
				SDKROOT = iphoneos;
				SWIFT_OPTIMIZATION_LEVEL = "-Onone";
			};
			name = Debug;
		};
		84C7EDB71D2983D80088C100 /* Release */ = {
			isa = XCBuildConfiguration;
			buildSettings = {
				ALWAYS_SEARCH_USER_PATHS = NO;
				CLANG_ANALYZER_NONNULL = YES;
				CLANG_CXX_LANGUAGE_STANDARD = "gnu++0x";
				CLANG_CXX_LIBRARY = "libc++";
				CLANG_ENABLE_MODULES = YES;
				CLANG_ENABLE_OBJC_ARC = YES;
				CLANG_WARN_BOOL_CONVERSION = YES;
				CLANG_WARN_CONSTANT_CONVERSION = YES;
				CLANG_WARN_DIRECT_OBJC_ISA_USAGE = YES_ERROR;
				CLANG_WARN_EMPTY_BODY = YES;
				CLANG_WARN_ENUM_CONVERSION = YES;
				CLANG_WARN_INT_CONVERSION = YES;
				CLANG_WARN_OBJC_ROOT_CLASS = YES_ERROR;
				CLANG_WARN_UNREACHABLE_CODE = YES;
				CLANG_WARN__DUPLICATE_METHOD_MATCH = YES;
				"CODE_SIGN_IDENTITY[sdk=iphoneos*]" = "iPhone Developer";
				COPY_PHASE_STRIP = NO;
				DEBUG_INFORMATION_FORMAT = "dwarf-with-dsym";
				ENABLE_NS_ASSERTIONS = NO;
				ENABLE_STRICT_OBJC_MSGSEND = YES;
				GCC_C_LANGUAGE_STANDARD = gnu99;
				GCC_NO_COMMON_BLOCKS = YES;
				GCC_WARN_64_TO_32_BIT_CONVERSION = YES;
				GCC_WARN_ABOUT_RETURN_TYPE = YES_ERROR;
				GCC_WARN_UNDECLARED_SELECTOR = YES;
				GCC_WARN_UNINITIALIZED_AUTOS = YES_AGGRESSIVE;
				GCC_WARN_UNUSED_FUNCTION = YES;
				GCC_WARN_UNUSED_VARIABLE = YES;
				IPHONEOS_DEPLOYMENT_TARGET = 9.3;
				MTL_ENABLE_DEBUG_INFO = NO;
				SDKROOT = iphoneos;
				VALIDATE_PRODUCT = YES;
			};
			name = Release;
		};
		84C7EDB91D2983D80088C100 /* Debug */ = {
			isa = XCBuildConfiguration;
			buildSettings = {
				ASSETCATALOG_COMPILER_APPICON_NAME = AppIcon;
				INFOPLIST_FILE = "Retro Calculator/Info.plist";
				LD_RUNPATH_SEARCH_PATHS = "$(inherited) @executable_path/Frameworks";
				PRODUCT_BUNDLE_IDENTIFIER = "com.anttran.Retro-Calculator";
				PRODUCT_NAME = "$(TARGET_NAME)";
			};
			name = Debug;
		};
		84C7EDBA1D2983D80088C100 /* Release */ = {
			isa = XCBuildConfiguration;
			buildSettings = {
				ASSETCATALOG_COMPILER_APPICON_NAME = AppIcon;
				INFOPLIST_FILE = "Retro Calculator/Info.plist";
				LD_RUNPATH_SEARCH_PATHS = "$(inherited) @executable_path/Frameworks";
				PRODUCT_BUNDLE_IDENTIFIER = "com.anttran.Retro-Calculator";
				PRODUCT_NAME = "$(TARGET_NAME)";
			};
			name = Release;
		};
/* End XCBuildConfiguration section */

/* Begin XCConfigurationList section */
		84C7EDA11D2983D80088C100 /* Build configuration list for PBXProject "Retro Calculator" */ = {
			isa = XCConfigurationList;
			buildConfigurations = (
				84C7EDB61D2983D80088C100 /* Debug */,
				84C7EDB71D2983D80088C100 /* Release */,
			);
			defaultConfigurationIsVisible = 0;
			defaultConfigurationName = Release;
		};
		84C7EDB81D2983D80088C100 /* Build configuration list for PBXNativeTarget "Retro Calculator" */ = {
			isa = XCConfigurationList;
			buildConfigurations = (
				84C7EDB91D2983D80088C100 /* Debug */,
				84C7EDBA1D2983D80088C100 /* Release */,
			);
			defaultConfigurationIsVisible = 0;
			defaultConfigurationName = Release;
		};
/* End XCConfigurationList section */
	};
	rootObject = 84C7ED9E1D2983D80088C100 /* Project object */;
}
